
Microsoft Visual Studio Solution File, Format Version 12.00
# Visual Studio 15
VisualStudioVersion = 15.0.26730.16
MinimumVisualStudioVersion = 10.0.40219.1
Project("{FAE04EC0-301F-11D3-BF4B-00C04F79EFBC}") = "01SelectSort", "01SelectSort\01SelectSort.csproj", "{72205822-D13C-4F3F-AEEC-580DD744358D}"
EndProject
Global
	GlobalSection(SolutionConfigurationPlatforms) = preSolution
		Debug|Any CPU = Debug|Any CPU
		Release|Any CPU = Release|Any CPU
	EndGlobalSection
	GlobalSection(ProjectConfigurationPlatforms) = postSolution
		{72205822-D13C-4F3F-AEEC-580DD744358D}.Debug|Any CPU.ActiveCfg = Debug|Any CPU
		{72205822-D13C-4F3F-AEEC-580DD744358D}.Debug|Any CPU.Build.0 = Debug|Any CPU
		{72205822-D13C-4F3F-AEEC-580DD744358D}.Release|Any CPU.ActiveCfg = Release|Any CPU
		{72205822-D13C-4F3F-AEEC-580DD744358D}.Release|Any CPU.Build.0 = Release|Any CPU
	EndGlobalSection
	GlobalSection(SolutionProperties) = preSolution
		HideSolutionNode = FALSE
	EndGlobalSection
	GlobalSection(ExtensibilityGlobals) = postSolution
		SolutionGuid = {EFB7C3E8-6E6F-4721-A054-DCC1FB9F8D36}
	EndGlobalSection
EndGlobal
