
Microsoft Visual Studio Solution File, Format Version 12.00
# Visual Studio 15
VisualStudioVersion = 15.0.26730.16
MinimumVisualStudioVersion = 10.0.40219.1
Project("{FAE04EC0-301F-11D3-BF4B-00C04F79EFBC}") = "P1", "P1\P1.csproj", "{D59B94E7-18EC-48F8-B586-50458868FA18}"
EndProject
Project("{FAE04EC0-301F-11D3-BF4B-00C04F79EFBC}") = "P2MaxSum", "P2MaxSum\P2MaxSum.csproj", "{62EEFEA5-D20E-4FE0-87FD-8BC0C7DF1E92}"
EndProject
Project("{FAE04EC0-301F-11D3-BF4B-00C04F79EFBC}") = "P3Sequence", "P3Sequence\P3Sequence.csproj", "{5A8499D9-A126-4E3F-9078-AFEC217D6F5E}"
EndProject
Project("{FAE04EC0-301F-11D3-BF4B-00C04F79EFBC}") = "P3New", "P3New\P3New.csproj", "{31EB1631-41A2-4C5F-994E-FDCE2F4A2D86}"
EndProject
Project("{FAE04EC0-301F-11D3-BF4B-00C04F79EFBC}") = "P4", "P4\P4.csproj", "{88F3C764-26B7-4273-A048-26F71FFFB107}"
EndProject
Project("{FAE04EC0-301F-11D3-BF4B-00C04F79EFBC}") = "P5String", "P5String\P5String.csproj", "{3784D822-8CB9-4093-B70C-19C9066F0C44}"
EndProject
Project("{FAE04EC0-301F-11D3-BF4B-00C04F79EFBC}") = "P3Night", "P3Night\P3Night.csproj", "{E5176C46-032B-432F-AD8A-436ADA2E80A1}"
EndProject
Project("{FAE04EC0-301F-11D3-BF4B-00C04F79EFBC}") = "P6Area", "P6Area\P6Area.csproj", "{4A6DF65E-01FF-49C9-A593-09EEBCF11283}"
EndProject
Project("{FAE04EC0-301F-11D3-BF4B-00C04F79EFBC}") = "P7", "P7\P7.csproj", "{77924898-1291-4D68-B2A7-C75C38F80A3F}"
EndProject
Project("{FAE04EC0-301F-11D3-BF4B-00C04F79EFBC}") = "P7Orlin", "P7Orlin\P7Orlin.csproj", "{B526784E-1B1A-4E95-AB7D-0ABD4F61BC19}"
EndProject
Project("{FAE04EC0-301F-11D3-BF4B-00C04F79EFBC}") = "P6B", "P6B\P6B.csproj", "{C6ABBEA1-BC7F-4709-BDF3-F0C677232F4A}"
EndProject
Project("{FAE04EC0-301F-11D3-BF4B-00C04F79EFBC}") = "P7Bishop", "P7Bishop\P7Bishop.csproj", "{C47AA6B8-DB9C-4AF8-93E1-FE79DF9F8D9F}"
EndProject
Project("{FAE04EC0-301F-11D3-BF4B-00C04F79EFBC}") = "P7BishopMine", "P7BishopMine\P7BishopMine.csproj", "{41CECBB9-DEFD-4474-96BE-6E7E1D47C07B}"
EndProject
Project("{FAE04EC0-301F-11D3-BF4B-00C04F79EFBC}") = "Q01Fill", "Q01Fill\Q01Fill.csproj", "{4BAEA027-572F-45D2-B54A-7C3ADC4A33C3}"
EndProject
Project("{FAE04EC0-301F-11D3-BF4B-00C04F79EFBC}") = "Q2MaximalSum", "Q2MaximalSum\Q2MaximalSum.csproj", "{E49E21B3-BD27-4445-B479-7543DCD56D4B}"
EndProject
Global
	GlobalSection(SolutionConfigurationPlatforms) = preSolution
		Debug|Any CPU = Debug|Any CPU
		Release|Any CPU = Release|Any CPU
	EndGlobalSection
	GlobalSection(ProjectConfigurationPlatforms) = postSolution
		{D59B94E7-18EC-48F8-B586-50458868FA18}.Debug|Any CPU.ActiveCfg = Debug|Any CPU
		{D59B94E7-18EC-48F8-B586-50458868FA18}.Debug|Any CPU.Build.0 = Debug|Any CPU
		{D59B94E7-18EC-48F8-B586-50458868FA18}.Release|Any CPU.ActiveCfg = Release|Any CPU
		{D59B94E7-18EC-48F8-B586-50458868FA18}.Release|Any CPU.Build.0 = Release|Any CPU
		{62EEFEA5-D20E-4FE0-87FD-8BC0C7DF1E92}.Debug|Any CPU.ActiveCfg = Debug|Any CPU
		{62EEFEA5-D20E-4FE0-87FD-8BC0C7DF1E92}.Debug|Any CPU.Build.0 = Debug|Any CPU
		{62EEFEA5-D20E-4FE0-87FD-8BC0C7DF1E92}.Release|Any CPU.ActiveCfg = Release|Any CPU
		{62EEFEA5-D20E-4FE0-87FD-8BC0C7DF1E92}.Release|Any CPU.Build.0 = Release|Any CPU
		{5A8499D9-A126-4E3F-9078-AFEC217D6F5E}.Debug|Any CPU.ActiveCfg = Debug|Any CPU
		{5A8499D9-A126-4E3F-9078-AFEC217D6F5E}.Debug|Any CPU.Build.0 = Debug|Any CPU
		{5A8499D9-A126-4E3F-9078-AFEC217D6F5E}.Release|Any CPU.ActiveCfg = Release|Any CPU
		{5A8499D9-A126-4E3F-9078-AFEC217D6F5E}.Release|Any CPU.Build.0 = Release|Any CPU
		{31EB1631-41A2-4C5F-994E-FDCE2F4A2D86}.Debug|Any CPU.ActiveCfg = Debug|Any CPU
		{31EB1631-41A2-4C5F-994E-FDCE2F4A2D86}.Debug|Any CPU.Build.0 = Debug|Any CPU
		{31EB1631-41A2-4C5F-994E-FDCE2F4A2D86}.Release|Any CPU.ActiveCfg = Release|Any CPU
		{31EB1631-41A2-4C5F-994E-FDCE2F4A2D86}.Release|Any CPU.Build.0 = Release|Any CPU
		{88F3C764-26B7-4273-A048-26F71FFFB107}.Debug|Any CPU.ActiveCfg = Debug|Any CPU
		{88F3C764-26B7-4273-A048-26F71FFFB107}.Debug|Any CPU.Build.0 = Debug|Any CPU
		{88F3C764-26B7-4273-A048-26F71FFFB107}.Release|Any CPU.ActiveCfg = Release|Any CPU
		{88F3C764-26B7-4273-A048-26F71FFFB107}.Release|Any CPU.Build.0 = Release|Any CPU
		{3784D822-8CB9-4093-B70C-19C9066F0C44}.Debug|Any CPU.ActiveCfg = Debug|Any CPU
		{3784D822-8CB9-4093-B70C-19C9066F0C44}.Debug|Any CPU.Build.0 = Debug|Any CPU
		{3784D822-8CB9-4093-B70C-19C9066F0C44}.Release|Any CPU.ActiveCfg = Release|Any CPU
		{3784D822-8CB9-4093-B70C-19C9066F0C44}.Release|Any CPU.Build.0 = Release|Any CPU
		{E5176C46-032B-432F-AD8A-436ADA2E80A1}.Debug|Any CPU.ActiveCfg = Debug|Any CPU
		{E5176C46-032B-432F-AD8A-436ADA2E80A1}.Debug|Any CPU.Build.0 = Debug|Any CPU
		{E5176C46-032B-432F-AD8A-436ADA2E80A1}.Release|Any CPU.ActiveCfg = Release|Any CPU
		{E5176C46-032B-432F-AD8A-436ADA2E80A1}.Release|Any CPU.Build.0 = Release|Any CPU
		{4A6DF65E-01FF-49C9-A593-09EEBCF11283}.Debug|Any CPU.ActiveCfg = Debug|Any CPU
		{4A6DF65E-01FF-49C9-A593-09EEBCF11283}.Debug|Any CPU.Build.0 = Debug|Any CPU
		{4A6DF65E-01FF-49C9-A593-09EEBCF11283}.Release|Any CPU.ActiveCfg = Release|Any CPU
		{4A6DF65E-01FF-49C9-A593-09EEBCF11283}.Release|Any CPU.Build.0 = Release|Any CPU
		{77924898-1291-4D68-B2A7-C75C38F80A3F}.Debug|Any CPU.ActiveCfg = Debug|Any CPU
		{77924898-1291-4D68-B2A7-C75C38F80A3F}.Debug|Any CPU.Build.0 = Debug|Any CPU
		{77924898-1291-4D68-B2A7-C75C38F80A3F}.Release|Any CPU.ActiveCfg = Release|Any CPU
		{77924898-1291-4D68-B2A7-C75C38F80A3F}.Release|Any CPU.Build.0 = Release|Any CPU
		{B526784E-1B1A-4E95-AB7D-0ABD4F61BC19}.Debug|Any CPU.ActiveCfg = Debug|Any CPU
		{B526784E-1B1A-4E95-AB7D-0ABD4F61BC19}.Debug|Any CPU.Build.0 = Debug|Any CPU
		{B526784E-1B1A-4E95-AB7D-0ABD4F61BC19}.Release|Any CPU.ActiveCfg = Release|Any CPU
		{B526784E-1B1A-4E95-AB7D-0ABD4F61BC19}.Release|Any CPU.Build.0 = Release|Any CPU
		{C6ABBEA1-BC7F-4709-BDF3-F0C677232F4A}.Debug|Any CPU.ActiveCfg = Debug|Any CPU
		{C6ABBEA1-BC7F-4709-BDF3-F0C677232F4A}.Debug|Any CPU.Build.0 = Debug|Any CPU
		{C6ABBEA1-BC7F-4709-BDF3-F0C677232F4A}.Release|Any CPU.ActiveCfg = Release|Any CPU
		{C6ABBEA1-BC7F-4709-BDF3-F0C677232F4A}.Release|Any CPU.Build.0 = Release|Any CPU
		{C47AA6B8-DB9C-4AF8-93E1-FE79DF9F8D9F}.Debug|Any CPU.ActiveCfg = Debug|Any CPU
		{C47AA6B8-DB9C-4AF8-93E1-FE79DF9F8D9F}.Debug|Any CPU.Build.0 = Debug|Any CPU
		{C47AA6B8-DB9C-4AF8-93E1-FE79DF9F8D9F}.Release|Any CPU.ActiveCfg = Release|Any CPU
		{C47AA6B8-DB9C-4AF8-93E1-FE79DF9F8D9F}.Release|Any CPU.Build.0 = Release|Any CPU
		{41CECBB9-DEFD-4474-96BE-6E7E1D47C07B}.Debug|Any CPU.ActiveCfg = Debug|Any CPU
		{41CECBB9-DEFD-4474-96BE-6E7E1D47C07B}.Debug|Any CPU.Build.0 = Debug|Any CPU
		{41CECBB9-DEFD-4474-96BE-6E7E1D47C07B}.Release|Any CPU.ActiveCfg = Release|Any CPU
		{41CECBB9-DEFD-4474-96BE-6E7E1D47C07B}.Release|Any CPU.Build.0 = Release|Any CPU
		{4BAEA027-572F-45D2-B54A-7C3ADC4A33C3}.Debug|Any CPU.ActiveCfg = Debug|Any CPU
		{4BAEA027-572F-45D2-B54A-7C3ADC4A33C3}.Debug|Any CPU.Build.0 = Debug|Any CPU
		{4BAEA027-572F-45D2-B54A-7C3ADC4A33C3}.Release|Any CPU.ActiveCfg = Release|Any CPU
		{4BAEA027-572F-45D2-B54A-7C3ADC4A33C3}.Release|Any CPU.Build.0 = Release|Any CPU
		{E49E21B3-BD27-4445-B479-7543DCD56D4B}.Debug|Any CPU.ActiveCfg = Debug|Any CPU
		{E49E21B3-BD27-4445-B479-7543DCD56D4B}.Debug|Any CPU.Build.0 = Debug|Any CPU
		{E49E21B3-BD27-4445-B479-7543DCD56D4B}.Release|Any CPU.ActiveCfg = Release|Any CPU
		{E49E21B3-BD27-4445-B479-7543DCD56D4B}.Release|Any CPU.Build.0 = Release|Any CPU
	EndGlobalSection
	GlobalSection(SolutionProperties) = preSolution
		HideSolutionNode = FALSE
	EndGlobalSection
	GlobalSection(ExtensibilityGlobals) = postSolution
		SolutionGuid = {2F93B461-97AE-4B56-B263-6DE56B7CF1B6}
	EndGlobalSection
EndGlobal
