
Microsoft Visual Studio Solution File, Format Version 12.00
# Visual Studio 15
VisualStudioVersion = 15.0.26730.16
MinimumVisualStudioVersion = 10.0.40219.1
Project("{FAE04EC0-301F-11D3-BF4B-00C04F79EFBC}") = "08BiggestPrimeNumber", "08BiggestPrimeNumber\08BiggestPrimeNumber.csproj", "{9E0A12EA-DAE1-4C59-87BA-599820A665BD}"
EndProject
Project("{FAE04EC0-301F-11D3-BF4B-00C04F79EFBC}") = "01CokiSkokki", "01CokiSkokki\01CokiSkokki.csproj", "{38D7370D-AEF5-48B4-96C5-ACB8AE50943A}"
EndProject
Project("{FAE04EC0-301F-11D3-BF4B-00C04F79EFBC}") = "02MessagesBottle", "02MessagesBottle\02MessagesBottle.csproj", "{1C0CB79F-5013-4A64-8605-974BB5C6DEEF}"
EndProject
Project("{FAE04EC0-301F-11D3-BF4B-00C04F79EFBC}") = "03JediMeditate", "03JediMeditate\03JediMeditate.csproj", "{07FB1BB5-88B3-4DC2-A4AB-03CC0538D09E}"
EndProject
Project("{FAE04EC0-301F-11D3-BF4B-00C04F79EFBC}") = "02MessagesV2", "02MessagesV2\02MessagesV2.csproj", "{6F46169A-5BB2-4FF0-A465-557657C55892}"
EndProject
Project("{FAE04EC0-301F-11D3-BF4B-00C04F79EFBC}") = "03JediV2", "03JediV2\03JediV2.csproj", "{C49AD170-C400-48A0-9337-A9A7994FB077}"
EndProject
Project("{FAE04EC0-301F-11D3-BF4B-00C04F79EFBC}") = "04LargestArea", "04LargestArea\04LargestArea.csproj", "{9EAB4A79-9998-4DE5-A8DA-6A0376E42672}"
EndProject
Project("{FAE04EC0-301F-11D3-BF4B-00C04F79EFBC}") = "04LargestAreaV2", "04LargestAreaV2\04LargestAreaV2.csproj", "{4DFE1633-B04A-4FF9-A214-B08238502AA2}"
EndProject
Project("{FAE04EC0-301F-11D3-BF4B-00C04F79EFBC}") = "05Actions", "05Actions\05Actions.csproj", "{F61FE1DF-5C8F-4F77-9814-B83F4FFED09A}"
EndProject
Project("{FAE04EC0-301F-11D3-BF4B-00C04F79EFBC}") = "06PlayersRanking", "06PlayersRanking\06PlayersRanking.csproj", "{B344B3B8-61FF-4216-94AE-C0ECD9382BAC}"
EndProject
Project("{FAE04EC0-301F-11D3-BF4B-00C04F79EFBC}") = "07UnitsWork", "07UnitsWork\07UnitsWork.csproj", "{993D9855-BA5F-4D6E-A3A8-C0A44D0A2204}"
EndProject
Project("{FAE04EC0-301F-11D3-BF4B-00C04F79EFBC}") = "05ActionsV2", "05ActionsV2\05ActionsV2.csproj", "{4A3D003D-5F72-4760-9634-758129D44054}"
EndProject
Project("{FAE04EC0-301F-11D3-BF4B-00C04F79EFBC}") = "01CokiV2", "01CokiV2\01CokiV2.csproj", "{DAC96554-5EE4-4218-950D-7A4D8559A39A}"
EndProject
Project("{FAE04EC0-301F-11D3-BF4B-00C04F79EFBC}") = "07V2Sashko", "07V2Sashko\07V2Sashko.csproj", "{B15AC8DC-E087-48C6-B59D-73B270305B24}"
EndProject
Project("{FAE04EC0-301F-11D3-BF4B-00C04F79EFBC}") = "06PLayers", "06PLayers\06PLayers.csproj", "{45A47A92-0297-474F-BBA0-C9C90DD23E76}"
EndProject
Project("{FAE04EC0-301F-11D3-BF4B-00C04F79EFBC}") = "01V3", "01V3\01V3.csproj", "{6C3C4758-4DDA-455A-9512-D8725785B4CF}"
EndProject
Project("{FAE04EC0-301F-11D3-BF4B-00C04F79EFBC}") = "02V3", "02V3\02V3.csproj", "{0B0962DC-C761-4336-8E1C-1D3E32497488}"
EndProject
Project("{FAE04EC0-301F-11D3-BF4B-00C04F79EFBC}") = "04V3", "04V3\04V3.csproj", "{934E021F-A0AC-40CD-AE01-3FAF57A03F23}"
EndProject
Project("{FAE04EC0-301F-11D3-BF4B-00C04F79EFBC}") = "05V3", "05V3\05V3.csproj", "{0C9D97C5-2037-4803-8ED4-3382A9223C28}"
EndProject
Project("{FAE04EC0-301F-11D3-BF4B-00C04F79EFBC}") = "06V3Mine", "06V3Mine\06V3Mine.csproj", "{12F9B62D-643E-4E3C-9B6B-67FAD1D7D4DF}"
EndProject
Project("{FAE04EC0-301F-11D3-BF4B-00C04F79EFBC}") = "07V3Mine", "07V3Mine\07V3Mine.csproj", "{9D42DD1B-FDEA-499A-8517-144B754C3397}"
EndProject
Project("{FAE04EC0-301F-11D3-BF4B-00C04F79EFBC}") = "06V4Kiro", "06V4Kiro\06V4Kiro.csproj", "{30D51123-EDBC-4520-A4AA-B86D4D4DF1D0}"
EndProject
Project("{FAE04EC0-301F-11D3-BF4B-00C04F79EFBC}") = "06V5Kiro", "06V5Kiro\06V5Kiro.csproj", "{8A7502B6-8A27-4C0F-9273-2251ED7A3C0F}"
EndProject
Project("{FAE04EC0-301F-11D3-BF4B-00C04F79EFBC}") = "04V4Mine", "04V4Mine\04V4Mine.csproj", "{AFAACDD4-F9BE-4938-8CC8-FF4A48E0326D}"
EndProject
Global
	GlobalSection(SolutionConfigurationPlatforms) = preSolution
		Debug|Any CPU = Debug|Any CPU
		Release|Any CPU = Release|Any CPU
	EndGlobalSection
	GlobalSection(ProjectConfigurationPlatforms) = postSolution
		{9E0A12EA-DAE1-4C59-87BA-599820A665BD}.Debug|Any CPU.ActiveCfg = Debug|Any CPU
		{9E0A12EA-DAE1-4C59-87BA-599820A665BD}.Debug|Any CPU.Build.0 = Debug|Any CPU
		{9E0A12EA-DAE1-4C59-87BA-599820A665BD}.Release|Any CPU.ActiveCfg = Release|Any CPU
		{9E0A12EA-DAE1-4C59-87BA-599820A665BD}.Release|Any CPU.Build.0 = Release|Any CPU
		{38D7370D-AEF5-48B4-96C5-ACB8AE50943A}.Debug|Any CPU.ActiveCfg = Debug|Any CPU
		{38D7370D-AEF5-48B4-96C5-ACB8AE50943A}.Debug|Any CPU.Build.0 = Debug|Any CPU
		{38D7370D-AEF5-48B4-96C5-ACB8AE50943A}.Release|Any CPU.ActiveCfg = Release|Any CPU
		{38D7370D-AEF5-48B4-96C5-ACB8AE50943A}.Release|Any CPU.Build.0 = Release|Any CPU
		{1C0CB79F-5013-4A64-8605-974BB5C6DEEF}.Debug|Any CPU.ActiveCfg = Debug|Any CPU
		{1C0CB79F-5013-4A64-8605-974BB5C6DEEF}.Debug|Any CPU.Build.0 = Debug|Any CPU
		{1C0CB79F-5013-4A64-8605-974BB5C6DEEF}.Release|Any CPU.ActiveCfg = Release|Any CPU
		{1C0CB79F-5013-4A64-8605-974BB5C6DEEF}.Release|Any CPU.Build.0 = Release|Any CPU
		{07FB1BB5-88B3-4DC2-A4AB-03CC0538D09E}.Debug|Any CPU.ActiveCfg = Debug|Any CPU
		{07FB1BB5-88B3-4DC2-A4AB-03CC0538D09E}.Debug|Any CPU.Build.0 = Debug|Any CPU
		{07FB1BB5-88B3-4DC2-A4AB-03CC0538D09E}.Release|Any CPU.ActiveCfg = Release|Any CPU
		{07FB1BB5-88B3-4DC2-A4AB-03CC0538D09E}.Release|Any CPU.Build.0 = Release|Any CPU
		{6F46169A-5BB2-4FF0-A465-557657C55892}.Debug|Any CPU.ActiveCfg = Debug|Any CPU
		{6F46169A-5BB2-4FF0-A465-557657C55892}.Debug|Any CPU.Build.0 = Debug|Any CPU
		{6F46169A-5BB2-4FF0-A465-557657C55892}.Release|Any CPU.ActiveCfg = Release|Any CPU
		{6F46169A-5BB2-4FF0-A465-557657C55892}.Release|Any CPU.Build.0 = Release|Any CPU
		{C49AD170-C400-48A0-9337-A9A7994FB077}.Debug|Any CPU.ActiveCfg = Debug|Any CPU
		{C49AD170-C400-48A0-9337-A9A7994FB077}.Debug|Any CPU.Build.0 = Debug|Any CPU
		{C49AD170-C400-48A0-9337-A9A7994FB077}.Release|Any CPU.ActiveCfg = Release|Any CPU
		{C49AD170-C400-48A0-9337-A9A7994FB077}.Release|Any CPU.Build.0 = Release|Any CPU
		{9EAB4A79-9998-4DE5-A8DA-6A0376E42672}.Debug|Any CPU.ActiveCfg = Debug|Any CPU
		{9EAB4A79-9998-4DE5-A8DA-6A0376E42672}.Debug|Any CPU.Build.0 = Debug|Any CPU
		{9EAB4A79-9998-4DE5-A8DA-6A0376E42672}.Release|Any CPU.ActiveCfg = Release|Any CPU
		{9EAB4A79-9998-4DE5-A8DA-6A0376E42672}.Release|Any CPU.Build.0 = Release|Any CPU
		{4DFE1633-B04A-4FF9-A214-B08238502AA2}.Debug|Any CPU.ActiveCfg = Debug|Any CPU
		{4DFE1633-B04A-4FF9-A214-B08238502AA2}.Debug|Any CPU.Build.0 = Debug|Any CPU
		{4DFE1633-B04A-4FF9-A214-B08238502AA2}.Release|Any CPU.ActiveCfg = Release|Any CPU
		{4DFE1633-B04A-4FF9-A214-B08238502AA2}.Release|Any CPU.Build.0 = Release|Any CPU
		{F61FE1DF-5C8F-4F77-9814-B83F4FFED09A}.Debug|Any CPU.ActiveCfg = Debug|Any CPU
		{F61FE1DF-5C8F-4F77-9814-B83F4FFED09A}.Debug|Any CPU.Build.0 = Debug|Any CPU
		{F61FE1DF-5C8F-4F77-9814-B83F4FFED09A}.Release|Any CPU.ActiveCfg = Release|Any CPU
		{F61FE1DF-5C8F-4F77-9814-B83F4FFED09A}.Release|Any CPU.Build.0 = Release|Any CPU
		{B344B3B8-61FF-4216-94AE-C0ECD9382BAC}.Debug|Any CPU.ActiveCfg = Debug|Any CPU
		{B344B3B8-61FF-4216-94AE-C0ECD9382BAC}.Debug|Any CPU.Build.0 = Debug|Any CPU
		{B344B3B8-61FF-4216-94AE-C0ECD9382BAC}.Release|Any CPU.ActiveCfg = Release|Any CPU
		{B344B3B8-61FF-4216-94AE-C0ECD9382BAC}.Release|Any CPU.Build.0 = Release|Any CPU
		{993D9855-BA5F-4D6E-A3A8-C0A44D0A2204}.Debug|Any CPU.ActiveCfg = Debug|Any CPU
		{993D9855-BA5F-4D6E-A3A8-C0A44D0A2204}.Debug|Any CPU.Build.0 = Debug|Any CPU
		{993D9855-BA5F-4D6E-A3A8-C0A44D0A2204}.Release|Any CPU.ActiveCfg = Release|Any CPU
		{993D9855-BA5F-4D6E-A3A8-C0A44D0A2204}.Release|Any CPU.Build.0 = Release|Any CPU
		{4A3D003D-5F72-4760-9634-758129D44054}.Debug|Any CPU.ActiveCfg = Debug|Any CPU
		{4A3D003D-5F72-4760-9634-758129D44054}.Debug|Any CPU.Build.0 = Debug|Any CPU
		{4A3D003D-5F72-4760-9634-758129D44054}.Release|Any CPU.ActiveCfg = Release|Any CPU
		{4A3D003D-5F72-4760-9634-758129D44054}.Release|Any CPU.Build.0 = Release|Any CPU
		{DAC96554-5EE4-4218-950D-7A4D8559A39A}.Debug|Any CPU.ActiveCfg = Debug|Any CPU
		{DAC96554-5EE4-4218-950D-7A4D8559A39A}.Debug|Any CPU.Build.0 = Debug|Any CPU
		{DAC96554-5EE4-4218-950D-7A4D8559A39A}.Release|Any CPU.ActiveCfg = Release|Any CPU
		{DAC96554-5EE4-4218-950D-7A4D8559A39A}.Release|Any CPU.Build.0 = Release|Any CPU
		{B15AC8DC-E087-48C6-B59D-73B270305B24}.Debug|Any CPU.ActiveCfg = Debug|Any CPU
		{B15AC8DC-E087-48C6-B59D-73B270305B24}.Debug|Any CPU.Build.0 = Debug|Any CPU
		{B15AC8DC-E087-48C6-B59D-73B270305B24}.Release|Any CPU.ActiveCfg = Release|Any CPU
		{B15AC8DC-E087-48C6-B59D-73B270305B24}.Release|Any CPU.Build.0 = Release|Any CPU
		{45A47A92-0297-474F-BBA0-C9C90DD23E76}.Debug|Any CPU.ActiveCfg = Debug|Any CPU
		{45A47A92-0297-474F-BBA0-C9C90DD23E76}.Debug|Any CPU.Build.0 = Debug|Any CPU
		{45A47A92-0297-474F-BBA0-C9C90DD23E76}.Release|Any CPU.ActiveCfg = Release|Any CPU
		{45A47A92-0297-474F-BBA0-C9C90DD23E76}.Release|Any CPU.Build.0 = Release|Any CPU
		{6C3C4758-4DDA-455A-9512-D8725785B4CF}.Debug|Any CPU.ActiveCfg = Debug|Any CPU
		{6C3C4758-4DDA-455A-9512-D8725785B4CF}.Debug|Any CPU.Build.0 = Debug|Any CPU
		{6C3C4758-4DDA-455A-9512-D8725785B4CF}.Release|Any CPU.ActiveCfg = Release|Any CPU
		{6C3C4758-4DDA-455A-9512-D8725785B4CF}.Release|Any CPU.Build.0 = Release|Any CPU
		{0B0962DC-C761-4336-8E1C-1D3E32497488}.Debug|Any CPU.ActiveCfg = Debug|Any CPU
		{0B0962DC-C761-4336-8E1C-1D3E32497488}.Debug|Any CPU.Build.0 = Debug|Any CPU
		{0B0962DC-C761-4336-8E1C-1D3E32497488}.Release|Any CPU.ActiveCfg = Release|Any CPU
		{0B0962DC-C761-4336-8E1C-1D3E32497488}.Release|Any CPU.Build.0 = Release|Any CPU
		{934E021F-A0AC-40CD-AE01-3FAF57A03F23}.Debug|Any CPU.ActiveCfg = Debug|Any CPU
		{934E021F-A0AC-40CD-AE01-3FAF57A03F23}.Debug|Any CPU.Build.0 = Debug|Any CPU
		{934E021F-A0AC-40CD-AE01-3FAF57A03F23}.Release|Any CPU.ActiveCfg = Release|Any CPU
		{934E021F-A0AC-40CD-AE01-3FAF57A03F23}.Release|Any CPU.Build.0 = Release|Any CPU
		{0C9D97C5-2037-4803-8ED4-3382A9223C28}.Debug|Any CPU.ActiveCfg = Debug|Any CPU
		{0C9D97C5-2037-4803-8ED4-3382A9223C28}.Debug|Any CPU.Build.0 = Debug|Any CPU
		{0C9D97C5-2037-4803-8ED4-3382A9223C28}.Release|Any CPU.ActiveCfg = Release|Any CPU
		{0C9D97C5-2037-4803-8ED4-3382A9223C28}.Release|Any CPU.Build.0 = Release|Any CPU
		{12F9B62D-643E-4E3C-9B6B-67FAD1D7D4DF}.Debug|Any CPU.ActiveCfg = Debug|Any CPU
		{12F9B62D-643E-4E3C-9B6B-67FAD1D7D4DF}.Debug|Any CPU.Build.0 = Debug|Any CPU
		{12F9B62D-643E-4E3C-9B6B-67FAD1D7D4DF}.Release|Any CPU.ActiveCfg = Release|Any CPU
		{12F9B62D-643E-4E3C-9B6B-67FAD1D7D4DF}.Release|Any CPU.Build.0 = Release|Any CPU
		{9D42DD1B-FDEA-499A-8517-144B754C3397}.Debug|Any CPU.ActiveCfg = Debug|Any CPU
		{9D42DD1B-FDEA-499A-8517-144B754C3397}.Debug|Any CPU.Build.0 = Debug|Any CPU
		{9D42DD1B-FDEA-499A-8517-144B754C3397}.Release|Any CPU.ActiveCfg = Release|Any CPU
		{9D42DD1B-FDEA-499A-8517-144B754C3397}.Release|Any CPU.Build.0 = Release|Any CPU
		{30D51123-EDBC-4520-A4AA-B86D4D4DF1D0}.Debug|Any CPU.ActiveCfg = Debug|Any CPU
		{30D51123-EDBC-4520-A4AA-B86D4D4DF1D0}.Debug|Any CPU.Build.0 = Debug|Any CPU
		{30D51123-EDBC-4520-A4AA-B86D4D4DF1D0}.Release|Any CPU.ActiveCfg = Release|Any CPU
		{30D51123-EDBC-4520-A4AA-B86D4D4DF1D0}.Release|Any CPU.Build.0 = Release|Any CPU
		{8A7502B6-8A27-4C0F-9273-2251ED7A3C0F}.Debug|Any CPU.ActiveCfg = Debug|Any CPU
		{8A7502B6-8A27-4C0F-9273-2251ED7A3C0F}.Debug|Any CPU.Build.0 = Debug|Any CPU
		{8A7502B6-8A27-4C0F-9273-2251ED7A3C0F}.Release|Any CPU.ActiveCfg = Release|Any CPU
		{8A7502B6-8A27-4C0F-9273-2251ED7A3C0F}.Release|Any CPU.Build.0 = Release|Any CPU
		{AFAACDD4-F9BE-4938-8CC8-FF4A48E0326D}.Debug|Any CPU.ActiveCfg = Debug|Any CPU
		{AFAACDD4-F9BE-4938-8CC8-FF4A48E0326D}.Debug|Any CPU.Build.0 = Debug|Any CPU
		{AFAACDD4-F9BE-4938-8CC8-FF4A48E0326D}.Release|Any CPU.ActiveCfg = Release|Any CPU
		{AFAACDD4-F9BE-4938-8CC8-FF4A48E0326D}.Release|Any CPU.Build.0 = Release|Any CPU
	EndGlobalSection
	GlobalSection(SolutionProperties) = preSolution
		HideSolutionNode = FALSE
	EndGlobalSection
	GlobalSection(ExtensibilityGlobals) = postSolution
		SolutionGuid = {19581299-AF5E-4031-A6B8-B4CD230A3083}
	EndGlobalSection
EndGlobal
